
Microsoft Visual Studio Solution File, Format Version 12.00
# Visual Studio Version 16
VisualStudioVersion = 16.0.30406.217
MinimumVisualStudioVersion = 10.0.40219.1
Project("{FAE04EC0-301F-11D3-BF4B-00C04F79EFBC}") = "MelBoxSql_Test", "MelBoxSql_Test\MelBoxSql_Test.csproj", "{53460B32-A5AB-4C15-BEE4-0A18812F231B}"
EndProject
Project("{FAE04EC0-301F-11D3-BF4B-00C04F79EFBC}") = "MelSql", "MelSql\MelSql.csproj", "{C60A5C3D-5640-4B55-8B9E-8F874D876730}"
EndProject
Project("{FAE04EC0-301F-11D3-BF4B-00C04F79EFBC}") = "GsmLib", "GsmLib\GsmLib.csproj", "{49B8533E-2D6E-492B-8171-D6B8D6050AB2}"
EndProject
Global
	GlobalSection(SolutionConfigurationPlatforms) = preSolution
		Debug|Any CPU = Debug|Any CPU
		Debug|x64 = Debug|x64
		Release|Any CPU = Release|Any CPU
		Release|x64 = Release|x64
	EndGlobalSection
	GlobalSection(ProjectConfigurationPlatforms) = postSolution
		{53460B32-A5AB-4C15-BEE4-0A18812F231B}.Debug|Any CPU.ActiveCfg = Debug|Any CPU
		{53460B32-A5AB-4C15-BEE4-0A18812F231B}.Debug|Any CPU.Build.0 = Debug|Any CPU
		{53460B32-A5AB-4C15-BEE4-0A18812F231B}.Debug|x64.ActiveCfg = Debug|Any CPU
		{53460B32-A5AB-4C15-BEE4-0A18812F231B}.Debug|x64.Build.0 = Debug|Any CPU
		{53460B32-A5AB-4C15-BEE4-0A18812F231B}.Release|Any CPU.ActiveCfg = Release|Any CPU
		{53460B32-A5AB-4C15-BEE4-0A18812F231B}.Release|Any CPU.Build.0 = Release|Any CPU
		{53460B32-A5AB-4C15-BEE4-0A18812F231B}.Release|x64.ActiveCfg = Release|Any CPU
		{53460B32-A5AB-4C15-BEE4-0A18812F231B}.Release|x64.Build.0 = Release|Any CPU
		{C60A5C3D-5640-4B55-8B9E-8F874D876730}.Debug|Any CPU.ActiveCfg = Debug|Any CPU
		{C60A5C3D-5640-4B55-8B9E-8F874D876730}.Debug|Any CPU.Build.0 = Debug|Any CPU
		{C60A5C3D-5640-4B55-8B9E-8F874D876730}.Debug|x64.ActiveCfg = Debug|x64
		{C60A5C3D-5640-4B55-8B9E-8F874D876730}.Debug|x64.Build.0 = Debug|x64
		{C60A5C3D-5640-4B55-8B9E-8F874D876730}.Release|Any CPU.ActiveCfg = Release|Any CPU
		{C60A5C3D-5640-4B55-8B9E-8F874D876730}.Release|Any CPU.Build.0 = Release|Any CPU
		{C60A5C3D-5640-4B55-8B9E-8F874D876730}.Release|x64.ActiveCfg = Release|x64
		{C60A5C3D-5640-4B55-8B9E-8F874D876730}.Release|x64.Build.0 = Release|x64
		{49B8533E-2D6E-492B-8171-D6B8D6050AB2}.Debug|Any CPU.ActiveCfg = Debug|Any CPU
		{49B8533E-2D6E-492B-8171-D6B8D6050AB2}.Debug|Any CPU.Build.0 = Debug|Any CPU
		{49B8533E-2D6E-492B-8171-D6B8D6050AB2}.Debug|x64.ActiveCfg = Debug|Any CPU
		{49B8533E-2D6E-492B-8171-D6B8D6050AB2}.Debug|x64.Build.0 = Debug|Any CPU
		{49B8533E-2D6E-492B-8171-D6B8D6050AB2}.Release|Any CPU.ActiveCfg = Release|Any CPU
		{49B8533E-2D6E-492B-8171-D6B8D6050AB2}.Release|Any CPU.Build.0 = Release|Any CPU
		{49B8533E-2D6E-492B-8171-D6B8D6050AB2}.Release|x64.ActiveCfg = Release|Any CPU
		{49B8533E-2D6E-492B-8171-D6B8D6050AB2}.Release|x64.Build.0 = Release|Any CPU
	EndGlobalSection
	GlobalSection(SolutionProperties) = preSolution
		HideSolutionNode = FALSE
	EndGlobalSection
	GlobalSection(ExtensibilityGlobals) = postSolution
		SolutionGuid = {D15619C1-DB7C-412E-B77C-4BAA59F48390}
	EndGlobalSection
EndGlobal
