
Microsoft Visual Studio Solution File, Format Version 12.00
# Visual Studio Version 16
VisualStudioVersion = 16.0.30406.217
MinimumVisualStudioVersion = 10.0.40219.1
Project("{FAE04EC0-301F-11D3-BF4B-00C04F79EFBC}") = "MelBoxSql", "MelBoxSql\MelBoxSql.csproj", "{D05C5F38-9587-4DF1-9992-B638466A62D5}"
EndProject
Project("{FAE04EC0-301F-11D3-BF4B-00C04F79EFBC}") = "MelBoxSql_Test", "MelBoxSql_Test\MelBoxSql_Test.csproj", "{53460B32-A5AB-4C15-BEE4-0A18812F231B}"
EndProject
Global
	GlobalSection(SolutionConfigurationPlatforms) = preSolution
		Debug|Any CPU = Debug|Any CPU
		Release|Any CPU = Release|Any CPU
	EndGlobalSection
	GlobalSection(ProjectConfigurationPlatforms) = postSolution
		{D05C5F38-9587-4DF1-9992-B638466A62D5}.Debug|Any CPU.ActiveCfg = Debug|Any CPU
		{D05C5F38-9587-4DF1-9992-B638466A62D5}.Debug|Any CPU.Build.0 = Debug|Any CPU
		{D05C5F38-9587-4DF1-9992-B638466A62D5}.Release|Any CPU.ActiveCfg = Release|Any CPU
		{D05C5F38-9587-4DF1-9992-B638466A62D5}.Release|Any CPU.Build.0 = Release|Any CPU
		{53460B32-A5AB-4C15-BEE4-0A18812F231B}.Debug|Any CPU.ActiveCfg = Debug|Any CPU
		{53460B32-A5AB-4C15-BEE4-0A18812F231B}.Debug|Any CPU.Build.0 = Debug|Any CPU
		{53460B32-A5AB-4C15-BEE4-0A18812F231B}.Release|Any CPU.ActiveCfg = Release|Any CPU
		{53460B32-A5AB-4C15-BEE4-0A18812F231B}.Release|Any CPU.Build.0 = Release|Any CPU
	EndGlobalSection
	GlobalSection(SolutionProperties) = preSolution
		HideSolutionNode = FALSE
	EndGlobalSection
	GlobalSection(ExtensibilityGlobals) = postSolution
		SolutionGuid = {D15619C1-DB7C-412E-B77C-4BAA59F48390}
	EndGlobalSection
EndGlobal
